
Microsoft Visual Studio Solution File, Format Version 12.00
# Visual Studio Version 16
VisualStudioVersion = 16.0.31129.286
MinimumVisualStudioVersion = 10.0.40219.1
Project("{FAE04EC0-301F-11D3-BF4B-00C04F79EFBC}") = "TestTask2UI", "test_task2\TestTask2UI.csproj", "{3F13C6F3-5832-439E-A6BB-7CA70E6FFC10}"
EndProject
Project("{9A19103F-16F7-4668-BE54-9A1E7A4F7556}") = "DTOModels", "DTOModels\DTOModels.csproj", "{CBD87CFB-FE87-482E-9E70-52D5C9A73238}"
EndProject
Project("{9A19103F-16F7-4668-BE54-9A1E7A4F7556}") = "DTOModelsLogic", "DTOModelsLogic\DTOModelsLogic.csproj", "{29126B6A-A00F-430E-82C0-1167D249FE83}"
EndProject
Project("{2150E333-8FDC-42A3-9474-1A3956D46DE8}") = "Solution Items", "Solution Items", "{1C27F305-9A7A-4EF0-8CA5-E55FA92269D9}"
	ProjectSection(SolutionItems) = preProject
		Trash.txt = Trash.txt
	EndProjectSection
EndProject
Project("{2150E333-8FDC-42A3-9474-1A3956D46DE8}") = "DataLayer", "DataLayer", "{53F3097D-82D1-48A7-BD0E-3B1729517AFA}"
EndProject
Project("{2150E333-8FDC-42A3-9474-1A3956D46DE8}") = "BuisnessLayer", "BuisnessLayer", "{F719E21D-0490-4399-92A2-AB5E74C0E9DE}"
EndProject
Project("{2150E333-8FDC-42A3-9474-1A3956D46DE8}") = "FrontEnd", "FrontEnd", "{D55FC2D1-14F0-4190-9527-F75D8E348A6A}"
EndProject
Project("{2150E333-8FDC-42A3-9474-1A3956D46DE8}") = "Contracts", "Contracts", "{C94B11B6-8FE1-4D8B-A4B3-CD22D3399E24}"
EndProject
Project("{9A19103F-16F7-4668-BE54-9A1E7A4F7556}") = "Contracts", "Contracts\Contracts.csproj", "{88155C76-6454-4A22-A829-EDD9A6BAA382}"
EndProject
Project("{FAE04EC0-301F-11D3-BF4B-00C04F79EFBC}") = "EmployeeRepository", "EmployeeRepository\EmployeeRepository.csproj", "{8137D17D-57BC-4DF3-ABD1-6D3B5D31152B}"
EndProject
Global
	GlobalSection(SolutionConfigurationPlatforms) = preSolution
		Debug|Any CPU = Debug|Any CPU
		Release|Any CPU = Release|Any CPU
	EndGlobalSection
	GlobalSection(ProjectConfigurationPlatforms) = postSolution
		{3F13C6F3-5832-439E-A6BB-7CA70E6FFC10}.Debug|Any CPU.ActiveCfg = Debug|Any CPU
		{3F13C6F3-5832-439E-A6BB-7CA70E6FFC10}.Debug|Any CPU.Build.0 = Debug|Any CPU
		{3F13C6F3-5832-439E-A6BB-7CA70E6FFC10}.Release|Any CPU.ActiveCfg = Release|Any CPU
		{3F13C6F3-5832-439E-A6BB-7CA70E6FFC10}.Release|Any CPU.Build.0 = Release|Any CPU
		{CBD87CFB-FE87-482E-9E70-52D5C9A73238}.Debug|Any CPU.ActiveCfg = Debug|Any CPU
		{CBD87CFB-FE87-482E-9E70-52D5C9A73238}.Debug|Any CPU.Build.0 = Debug|Any CPU
		{CBD87CFB-FE87-482E-9E70-52D5C9A73238}.Release|Any CPU.ActiveCfg = Release|Any CPU
		{CBD87CFB-FE87-482E-9E70-52D5C9A73238}.Release|Any CPU.Build.0 = Release|Any CPU
		{29126B6A-A00F-430E-82C0-1167D249FE83}.Debug|Any CPU.ActiveCfg = Debug|Any CPU
		{29126B6A-A00F-430E-82C0-1167D249FE83}.Debug|Any CPU.Build.0 = Debug|Any CPU
		{29126B6A-A00F-430E-82C0-1167D249FE83}.Release|Any CPU.ActiveCfg = Release|Any CPU
		{29126B6A-A00F-430E-82C0-1167D249FE83}.Release|Any CPU.Build.0 = Release|Any CPU
		{88155C76-6454-4A22-A829-EDD9A6BAA382}.Debug|Any CPU.ActiveCfg = Debug|Any CPU
		{88155C76-6454-4A22-A829-EDD9A6BAA382}.Debug|Any CPU.Build.0 = Debug|Any CPU
		{88155C76-6454-4A22-A829-EDD9A6BAA382}.Release|Any CPU.ActiveCfg = Release|Any CPU
		{88155C76-6454-4A22-A829-EDD9A6BAA382}.Release|Any CPU.Build.0 = Release|Any CPU
		{8137D17D-57BC-4DF3-ABD1-6D3B5D31152B}.Debug|Any CPU.ActiveCfg = Debug|Any CPU
		{8137D17D-57BC-4DF3-ABD1-6D3B5D31152B}.Debug|Any CPU.Build.0 = Debug|Any CPU
		{8137D17D-57BC-4DF3-ABD1-6D3B5D31152B}.Release|Any CPU.ActiveCfg = Release|Any CPU
		{8137D17D-57BC-4DF3-ABD1-6D3B5D31152B}.Release|Any CPU.Build.0 = Release|Any CPU
	EndGlobalSection
	GlobalSection(SolutionProperties) = preSolution
		HideSolutionNode = FALSE
	EndGlobalSection
	GlobalSection(NestedProjects) = preSolution
		{3F13C6F3-5832-439E-A6BB-7CA70E6FFC10} = {D55FC2D1-14F0-4190-9527-F75D8E348A6A}
		{CBD87CFB-FE87-482E-9E70-52D5C9A73238} = {53F3097D-82D1-48A7-BD0E-3B1729517AFA}
		{29126B6A-A00F-430E-82C0-1167D249FE83} = {F719E21D-0490-4399-92A2-AB5E74C0E9DE}
		{88155C76-6454-4A22-A829-EDD9A6BAA382} = {C94B11B6-8FE1-4D8B-A4B3-CD22D3399E24}
		{8137D17D-57BC-4DF3-ABD1-6D3B5D31152B} = {53F3097D-82D1-48A7-BD0E-3B1729517AFA}
	EndGlobalSection
	GlobalSection(ExtensibilityGlobals) = postSolution
		SolutionGuid = {54C42713-E13D-4A1F-AEFD-C153478E1E7B}
	EndGlobalSection
EndGlobal
